{
  "name": "duplicate-photo-check-bot",
  "lockfileVersion": 3,
  "requires": true,
  "packages": {
    "": {
      "dependencies": {
        "jquery": "^3.7.1",
        "ngx-slick-carousel": "^19.0.0",
        "slick-carousel": "^1.8.1"
      }
    },
    "node_modules/@angular/common": {
      "version": "19.1.6",
      "resolved": "https://registry.npmjs.org/@angular/common/-/common-19.1.6.tgz",
      "integrity": "sha512-FkuejwbxsOLhcyOgDM/7YEYvMG3tuyOvr+831VzPwMwYp5QO9AUYtn4ffGf698JccbA+Ocw3BAdhPU6i+YZC1A==",
      "license": "MIT",
      "peer": true,
      "dependencies": {
        "tslib": "^2.3.0"
      },
      "engines": {
        "node": "^18.19.1 || ^20.11.1 || >=22.0.0"
      },
      "peerDependencies": {
        "@angular/core": "19.1.6",
        "rxjs": "^6.5.3 || ^7.4.0"
      }
    },
    "node_modules/@angular/core": {
      "version": "19.1.6",
      "resolved": "https://registry.npmjs.org/@angular/core/-/core-19.1.6.tgz",
      "integrity": "sha512-FD167URT+apxjzj9sG/MzffW5G6YyQiPQ6nrrIoYi9jeY3LYurybuOgvcXrU8PT4Z3+CKMq9k/ZnmrlHU72BpA==",
      "license": "MIT",
      "peer": true,
      "dependencies": {
        "tslib": "^2.3.0"
      },
      "engines": {
        "node": "^18.19.1 || ^20.11.1 || >=22.0.0"
      },
      "peerDependencies": {
        "rxjs": "^6.5.3 || ^7.4.0",
        "zone.js": "~0.15.0"
      }
    },
    "node_modules/@angular/forms": {
      "version": "19.1.6",
      "resolved": "https://registry.npmjs.org/@angular/forms/-/forms-19.1.6.tgz",
      "integrity": "sha512-uu/76KAwCAcDuhD67Vv78UvOC/tiprtFXOgqNCj0LK8vyFcvPsunb3nF/PtfF9rSHyslXAqxZhME+Ha2tU6Lpw==",
      "license": "MIT",
      "peer": true,
      "dependencies": {
        "tslib": "^2.3.0"
      },
      "engines": {
        "node": "^18.19.1 || ^20.11.1 || >=22.0.0"
      },
      "peerDependencies": {
        "@angular/common": "19.1.6",
        "@angular/core": "19.1.6",
        "@angular/platform-browser": "19.1.6",
        "rxjs": "^6.5.3 || ^7.4.0"
      }
    },
    "node_modules/@angular/platform-browser": {
      "version": "19.1.6",
      "resolved": "https://registry.npmjs.org/@angular/platform-browser/-/platform-browser-19.1.6.tgz",
      "integrity": "sha512-sfWU+gMpqQ6GYtE3tAfDktftC01NgtqAOKfeCQ/KY2rxRTIxYahenW0Licuzgmd+8AZtmncoZaYX0Fd/5XMqzQ==",
      "license": "MIT",
      "peer": true,
      "dependencies": {
        "tslib": "^2.3.0"
      },
      "engines": {
        "node": "^18.19.1 || ^20.11.1 || >=22.0.0"
      },
      "peerDependencies": {
        "@angular/animations": "19.1.6",
        "@angular/common": "19.1.6",
        "@angular/core": "19.1.6"
      },
      "peerDependenciesMeta": {
        "@angular/animations": {
          "optional": true
        }
      }
    },
    "node_modules/@types/jquery": {
      "version": "3.5.32",
      "resolved": "https://registry.npmjs.org/@types/jquery/-/jquery-3.5.32.tgz",
      "integrity": "sha512-b9Xbf4CkMqS02YH8zACqN1xzdxc3cO735Qe5AbSUFmyOiaWAbcpqh9Wna+Uk0vgACvoQHpWDg2rGdHkYPLmCiQ==",
      "license": "MIT",
      "dependencies": {
        "@types/sizzle": "*"
      }
    },
    "node_modules/@types/sizzle": {
      "version": "2.3.9",
      "resolved": "https://registry.npmjs.org/@types/sizzle/-/sizzle-2.3.9.tgz",
      "integrity": "sha512-xzLEyKB50yqCUPUJkIsrVvoWNfFUbIZI+RspLWt8u+tIW/BetMBZtgV2LY/2o+tYH8dRvQ+eoPf3NdhQCcLE2w==",
      "license": "MIT"
    },
    "node_modules/@types/slick-carousel": {
      "version": "1.6.40",
      "resolved": "https://registry.npmjs.org/@types/slick-carousel/-/slick-carousel-1.6.40.tgz",
      "integrity": "sha512-r56PBGVLYHmZvFSV+UC4dYbnpEu3LGzgJiSSixBx5ME+IUhsyho1XP7gKSG0R9tiYSx54ftq/g+miLQTbA10Dw==",
      "license": "MIT",
      "dependencies": {
        "@types/jquery": "*"
      }
    },
    "node_modules/jquery": {
      "version": "3.7.1",
      "resolved": "https://registry.npmjs.org/jquery/-/jquery-3.7.1.tgz",
      "integrity": "sha512-m4avr8yL8kmFN8psrbFFFmB/If14iN5o9nw/NgnnM+kybDJpRsAynV2BsfpTYrTRysYUdADVD7CkUUizgkpLfg==",
      "license": "MIT"
    },
    "node_modules/ngx-slick-carousel": {
      "version": "19.0.0",
      "resolved": "https://registry.npmjs.org/ngx-slick-carousel/-/ngx-slick-carousel-19.0.0.tgz",
      "integrity": "sha512-3FoA3vaJW/Ao75BGn6JgTCqj3UcK1bJGnhLXh9JzqLgCzFQg5Ztjst4089j5hu2/cLOIB9vtXXxWSL2s/W/8Yg==",
      "license": "MIT",
      "dependencies": {
        "@types/jquery": ">=2.0.0",
        "@types/slick-carousel": "^1.6.0",
        "tslib": "^2.3.0"
      },
      "peerDependencies": {
        "@angular/common": "^18.0.0 || ^19.0.0",
        "@angular/core": "^18.0.0 || ^19.0.0",
        "@angular/forms": "^18.0.0 || ^19.0.0",
        "rxjs": "^7.0.0",
        "zone.js": "^0.15.0"
      }
    },
    "node_modules/rxjs": {
      "version": "7.8.1",
      "resolved": "https://registry.npmjs.org/rxjs/-/rxjs-7.8.1.tgz",
      "integrity": "sha512-AA3TVj+0A2iuIoQkWEK/tqFjBq2j+6PO6Y0zJcvzLAFhEFIO3HL0vls9hWLncZbAAbK0mar7oZ4V079I/qPMxg==",
      "license": "Apache-2.0",
      "peer": true,
      "dependencies": {
        "tslib": "^2.1.0"
      }
    },
    "node_modules/slick-carousel": {
      "version": "1.8.1",
      "resolved": "https://registry.npmjs.org/slick-carousel/-/slick-carousel-1.8.1.tgz",
      "integrity": "sha512-XB9Ftrf2EEKfzoQXt3Nitrt/IPbT+f1fgqBdoxO3W/+JYvtEOW6EgxnWfr9GH6nmULv7Y2tPmEX3koxThVmebA==",
      "license": "MIT",
      "peerDependencies": {
        "jquery": ">=1.8.0"
      }
    },
    "node_modules/tslib": {
      "version": "2.8.1",
      "resolved": "https://registry.npmjs.org/tslib/-/tslib-2.8.1.tgz",
      "integrity": "sha512-oJFu94HQb+KVduSUQL7wnpmqnfmLsOA/nAh6b6EH0wCEoK0/mPeXU6c3wKDV83MkOuHPRHtSXKKU99IBazS/2w==",
      "license": "0BSD"
    },
    "node_modules/zone.js": {
      "version": "0.15.0",
      "resolved": "https://registry.npmjs.org/zone.js/-/zone.js-0.15.0.tgz",
      "integrity": "sha512-9oxn0IIjbCZkJ67L+LkhYWRyAy7axphb3VgE2MBDlOqnmHMPWGYMxJxBYFueFq/JGY2GMwS0rU+UCLunEmy5UA==",
      "license": "MIT",
      "peer": true
    }
  }
}
